
Microsoft Visual Studio Solution File, Format Version 12.00
# Visual Studio 14
VisualStudioVersion = 14.0.25420.1
MinimumVisualStudioVersion = 10.0.40219.1
Project("{FAE04EC0-301F-11D3-BF4B-00C04F79EFBC}") = "KinectMenuButtonsWithCursorHopefully", "KinectGestureFeature\KinectMenuButtonsWithCursorHopefully.csproj", "{74F38FA5-0A2E-42C1-A64A-2819B4076452}"
EndProject
Global
	GlobalSection(SolutionConfigurationPlatforms) = preSolution
		Debug|Any CPU = Debug|Any CPU
		Release|Any CPU = Release|Any CPU
	EndGlobalSection
	GlobalSection(ProjectConfigurationPlatforms) = postSolution
		{74F38FA5-0A2E-42C1-A64A-2819B4076452}.Debug|Any CPU.ActiveCfg = Debug|Any CPU
		{74F38FA5-0A2E-42C1-A64A-2819B4076452}.Debug|Any CPU.Build.0 = Debug|Any CPU
		{74F38FA5-0A2E-42C1-A64A-2819B4076452}.Release|Any CPU.ActiveCfg = Release|Any CPU
		{74F38FA5-0A2E-42C1-A64A-2819B4076452}.Release|Any CPU.Build.0 = Release|Any CPU
	EndGlobalSection
	GlobalSection(SolutionProperties) = preSolution
		HideSolutionNode = FALSE
	EndGlobalSection
EndGlobal
